
Microsoft Visual Studio Solution File, Format Version 12.00
# Visual Studio Version 17
VisualStudioVersion = 17.11.35312.102
MinimumVisualStudioVersion = 10.0.40219.1
Project("{9A19103F-16F7-4668-BE54-9A1E7A4F7556}") = "BookWebRazor", "BookWebRazor\BookWebRazor.csproj", "{6C27ECAA-C219-4C4F-9156-2E6E7C73D2B1}"
EndProject
Project("{9A19103F-16F7-4668-BE54-9A1E7A4F7556}") = "BookWebRazor.BusinessObjects", "BookWebRazor.BusinessObjects\BookWebRazor.BusinessObjects.csproj", "{09F2A865-8CA7-4DDB-8815-B8ED31787684}"
EndProject
Project("{9A19103F-16F7-4668-BE54-9A1E7A4F7556}") = "BookWebRazor.DAOs", "BookWebRazor.DAOs\BookWebRazor.DAOs.csproj", "{6D75F2ED-737A-434F-9951-D4AE9AA59565}"
EndProject
Project("{9A19103F-16F7-4668-BE54-9A1E7A4F7556}") = "BookWebRazor.Repositories", "BookWebRazor.Repositories\BookWebRazor.Repositories.csproj", "{FB44CBD5-6F24-4F5B-9A31-5E15D663A623}"
EndProject
Project("{9A19103F-16F7-4668-BE54-9A1E7A4F7556}") = "BookWebRazor.Services", "BookWebRazor.Services\BookWebRazor.Services.csproj", "{5D52BF99-D98D-4ADF-AF35-F2D5D384EB98}"
EndProject
Project("{FAE04EC0-301F-11D3-BF4B-00C04F79EFBC}") = "BookManagement_PhamMinhKhoi", "BookManagement_PhamMinhKhoi\BookManagement_PhamMinhKhoi.csproj", "{1480C51C-B513-4250-B528-718D3E0646BB}"
EndProject
Global
	GlobalSection(SolutionConfigurationPlatforms) = preSolution
		Debug|Any CPU = Debug|Any CPU
		Release|Any CPU = Release|Any CPU
	EndGlobalSection
	GlobalSection(ProjectConfigurationPlatforms) = postSolution
		{6C27ECAA-C219-4C4F-9156-2E6E7C73D2B1}.Debug|Any CPU.ActiveCfg = Debug|Any CPU
		{6C27ECAA-C219-4C4F-9156-2E6E7C73D2B1}.Debug|Any CPU.Build.0 = Debug|Any CPU
		{6C27ECAA-C219-4C4F-9156-2E6E7C73D2B1}.Release|Any CPU.ActiveCfg = Release|Any CPU
		{6C27ECAA-C219-4C4F-9156-2E6E7C73D2B1}.Release|Any CPU.Build.0 = Release|Any CPU
		{09F2A865-8CA7-4DDB-8815-B8ED31787684}.Debug|Any CPU.ActiveCfg = Debug|Any CPU
		{09F2A865-8CA7-4DDB-8815-B8ED31787684}.Debug|Any CPU.Build.0 = Debug|Any CPU
		{09F2A865-8CA7-4DDB-8815-B8ED31787684}.Release|Any CPU.ActiveCfg = Release|Any CPU
		{09F2A865-8CA7-4DDB-8815-B8ED31787684}.Release|Any CPU.Build.0 = Release|Any CPU
		{6D75F2ED-737A-434F-9951-D4AE9AA59565}.Debug|Any CPU.ActiveCfg = Debug|Any CPU
		{6D75F2ED-737A-434F-9951-D4AE9AA59565}.Debug|Any CPU.Build.0 = Debug|Any CPU
		{6D75F2ED-737A-434F-9951-D4AE9AA59565}.Release|Any CPU.ActiveCfg = Release|Any CPU
		{6D75F2ED-737A-434F-9951-D4AE9AA59565}.Release|Any CPU.Build.0 = Release|Any CPU
		{FB44CBD5-6F24-4F5B-9A31-5E15D663A623}.Debug|Any CPU.ActiveCfg = Debug|Any CPU
		{FB44CBD5-6F24-4F5B-9A31-5E15D663A623}.Debug|Any CPU.Build.0 = Debug|Any CPU
		{FB44CBD5-6F24-4F5B-9A31-5E15D663A623}.Release|Any CPU.ActiveCfg = Release|Any CPU
		{FB44CBD5-6F24-4F5B-9A31-5E15D663A623}.Release|Any CPU.Build.0 = Release|Any CPU
		{5D52BF99-D98D-4ADF-AF35-F2D5D384EB98}.Debug|Any CPU.ActiveCfg = Debug|Any CPU
		{5D52BF99-D98D-4ADF-AF35-F2D5D384EB98}.Debug|Any CPU.Build.0 = Debug|Any CPU
		{5D52BF99-D98D-4ADF-AF35-F2D5D384EB98}.Release|Any CPU.ActiveCfg = Release|Any CPU
		{5D52BF99-D98D-4ADF-AF35-F2D5D384EB98}.Release|Any CPU.Build.0 = Release|Any CPU
		{1480C51C-B513-4250-B528-718D3E0646BB}.Debug|Any CPU.ActiveCfg = Debug|Any CPU
		{1480C51C-B513-4250-B528-718D3E0646BB}.Debug|Any CPU.Build.0 = Debug|Any CPU
		{1480C51C-B513-4250-B528-718D3E0646BB}.Release|Any CPU.ActiveCfg = Release|Any CPU
		{1480C51C-B513-4250-B528-718D3E0646BB}.Release|Any CPU.Build.0 = Release|Any CPU
	EndGlobalSection
	GlobalSection(SolutionProperties) = preSolution
		HideSolutionNode = FALSE
	EndGlobalSection
	GlobalSection(ExtensibilityGlobals) = postSolution
		SolutionGuid = {CB72A228-1F14-4B99-866A-62E730670219}
	EndGlobalSection
EndGlobal
